
Microsoft Visual Studio Solution File, Format Version 12.00
Project("{FAE04EC0-301F-11D3-BF4B-00C04F79EFBC}") = "server.with.data.contracts", "server.with.data.contracts\server.with.data.contracts.csproj", "{7738AB24-795E-499F-8A9A-BF1E27427404}"
EndProject
Project("{FAE04EC0-301F-11D3-BF4B-00C04F79EFBC}") = "client.console", "client.console\client.console.csproj", "{8E2D8600-705C-4B4F-869B-012A449888A1}"
EndProject
Global
	GlobalSection(SolutionConfigurationPlatforms) = preSolution
		Debug|Any CPU = Debug|Any CPU
		Release|Any CPU = Release|Any CPU
	EndGlobalSection
	GlobalSection(ProjectConfigurationPlatforms) = postSolution
		{7738AB24-795E-499F-8A9A-BF1E27427404}.Debug|Any CPU.ActiveCfg = Debug|Any CPU
		{7738AB24-795E-499F-8A9A-BF1E27427404}.Debug|Any CPU.Build.0 = Debug|Any CPU
		{7738AB24-795E-499F-8A9A-BF1E27427404}.Release|Any CPU.ActiveCfg = Release|Any CPU
		{7738AB24-795E-499F-8A9A-BF1E27427404}.Release|Any CPU.Build.0 = Release|Any CPU
		{8E2D8600-705C-4B4F-869B-012A449888A1}.Debug|Any CPU.ActiveCfg = Debug|Any CPU
		{8E2D8600-705C-4B4F-869B-012A449888A1}.Debug|Any CPU.Build.0 = Debug|Any CPU
		{8E2D8600-705C-4B4F-869B-012A449888A1}.Release|Any CPU.ActiveCfg = Release|Any CPU
		{8E2D8600-705C-4B4F-869B-012A449888A1}.Release|Any CPU.Build.0 = Release|Any CPU
	EndGlobalSection
EndGlobal
